
Microsoft Visual Studio Solution File, Format Version 12.00
# Visual Studio 15
VisualStudioVersion = 15.0.28307.329
MinimumVisualStudioVersion = 10.0.40219.1
Project("{FAE04EC0-301F-11D3-BF4B-00C04F79EFBC}") = "EFCodeFirstModel", "EFCodeFirstModel\EFCodeFirstModel.csproj", "{6E5E0670-954E-4DDC-88AE-E3D79CC31FD4}"
EndProject
Project("{FAE04EC0-301F-11D3-BF4B-00C04F79EFBC}") = "EFModelEntity", "EFModelEntity\EFModelEntity.csproj", "{E4F528BD-96E2-44C7-829A-D4E562186571}"
EndProject
Project("{FAE04EC0-301F-11D3-BF4B-00C04F79EFBC}") = "EFConsole", "EFConsole\EFConsole.csproj", "{83798DD1-CEC8-4FFC-AA67-3F84AF67421E}"
EndProject
Global
	GlobalSection(SolutionConfigurationPlatforms) = preSolution
		Debug|Any CPU = Debug|Any CPU
		Release|Any CPU = Release|Any CPU
	EndGlobalSection
	GlobalSection(ProjectConfigurationPlatforms) = postSolution
		{6E5E0670-954E-4DDC-88AE-E3D79CC31FD4}.Debug|Any CPU.ActiveCfg = Debug|Any CPU
		{6E5E0670-954E-4DDC-88AE-E3D79CC31FD4}.Debug|Any CPU.Build.0 = Debug|Any CPU
		{6E5E0670-954E-4DDC-88AE-E3D79CC31FD4}.Release|Any CPU.ActiveCfg = Release|Any CPU
		{6E5E0670-954E-4DDC-88AE-E3D79CC31FD4}.Release|Any CPU.Build.0 = Release|Any CPU
		{E4F528BD-96E2-44C7-829A-D4E562186571}.Debug|Any CPU.ActiveCfg = Debug|Any CPU
		{E4F528BD-96E2-44C7-829A-D4E562186571}.Debug|Any CPU.Build.0 = Debug|Any CPU
		{E4F528BD-96E2-44C7-829A-D4E562186571}.Release|Any CPU.ActiveCfg = Release|Any CPU
		{E4F528BD-96E2-44C7-829A-D4E562186571}.Release|Any CPU.Build.0 = Release|Any CPU
		{83798DD1-CEC8-4FFC-AA67-3F84AF67421E}.Debug|Any CPU.ActiveCfg = Debug|Any CPU
		{83798DD1-CEC8-4FFC-AA67-3F84AF67421E}.Debug|Any CPU.Build.0 = Debug|Any CPU
		{83798DD1-CEC8-4FFC-AA67-3F84AF67421E}.Release|Any CPU.ActiveCfg = Release|Any CPU
		{83798DD1-CEC8-4FFC-AA67-3F84AF67421E}.Release|Any CPU.Build.0 = Release|Any CPU
	EndGlobalSection
	GlobalSection(SolutionProperties) = preSolution
		HideSolutionNode = FALSE
	EndGlobalSection
	GlobalSection(ExtensibilityGlobals) = postSolution
		SolutionGuid = {56F31796-B2C7-4F0A-9648-6531A954B4BC}
	EndGlobalSection
EndGlobal
